{
  "revision": 4,
  "files": [
    "deploy/52-tvbox-miracast.rules",
    "deploy/54-tvbox-sysupdate.rules",
    "deploy/coredump-tvbox-runtimemax.conf",
    "deploy/greetd-tvbox-safemode.conf",
    "deploy/provision.sh",
    "deploy/release-key.pem",
    "deploy/sysupdate.conf",
    "deploy/tvbox-diag.service",
    "deploy/tvbox-diag.sh",
    "deploy/tvbox-diag.timer",
    "deploy/tvbox-miracast",
    "deploy/tvbox-miracast.service",
    "deploy/tvbox-radio",
    "deploy/tvbox-radio@.service",
    "deploy/tvbox-safemode-screen.service",
    "deploy/tvbox-safemode.service",
    "deploy/tvbox-safemode.sh",
    "deploy/tvbox-session",
    "deploy/tvbox-sysupdate",
    "deploy/tvbox-sysupdate.service",
    "scripts/install-libcec8.sh"
  ],
  "sha256": "b2a59d9ace62f60d66801f5b1d6667f6745f41bf5872d9caa481245dd6f38785"
}
